
Microsoft Visual Studio Solution File, Format Version 12.00
# Visual Studio Version 17
VisualStudioVersion = 17.0.32112.339
MinimumVisualStudioVersion = 10.0.40219.1
Project("{FAE04EC0-301F-11D3-BF4B-00C04F79EFBC}") = "Generator", "Generator\Generator.csproj", "{680E9FA7-D586-4196-9368-197CAA8B7847}"
EndProject
Project("{FAE04EC0-301F-11D3-BF4B-00C04F79EFBC}") = "HitMe", "HitMe\HitMe.csproj", "{79796B9F-49A8-47EA-A9F1-DCD5696330F4}"
EndProject
Project("{FAE04EC0-301F-11D3-BF4B-00C04F79EFBC}") = "Практическая 1", "Практическая 1\Практическая 1.csproj", "{B894691C-37C5-413C-9391-EE62AD3D14B9}"
EndProject
Project("{FAE04EC0-301F-11D3-BF4B-00C04F79EFBC}") = "меню и панели", "меню и панели\меню и панели.csproj", "{D9052E95-EE5F-4971-B58C-0069D229C2BA}"
EndProject
Project("{FAE04EC0-301F-11D3-BF4B-00C04F79EFBC}") = "Практическая 2.1", "Практическая 2.1\Практическая 2.1.csproj", "{32978A6B-5F38-4C2E-9734-88EABE832371}"
EndProject
Project("{FAE04EC0-301F-11D3-BF4B-00C04F79EFBC}") = "Практическая 3.1 (Калькулятор)", "Практическая 3.1 (Калькулятор)\Практическая 3.1 (Калькулятор).csproj", "{7580E51F-8AEE-4E87-B3C7-B007CB782194}"
EndProject
Project("{FAE04EC0-301F-11D3-BF4B-00C04F79EFBC}") = "WpfTestResources", "WpfTestResources\WpfTestResources.csproj", "{D01F3B3B-0D7B-4D09-94DC-029DA97A4ADA}"
EndProject
Project("{9A19103F-16F7-4668-BE54-9A1E7A4F7556}") = "ColorPicker", "ColorPicker\ColorPicker.csproj", "{12E5AF76-AC08-49C1-86A8-F8412382821D}"
EndProject
Project("{9A19103F-16F7-4668-BE54-9A1E7A4F7556}") = "WPFTest", "WPFTest\WPFTest.csproj", "{64712DFA-7598-4F97-86AD-F708F73DD744}"
EndProject
Global
	GlobalSection(SolutionConfigurationPlatforms) = preSolution
		Debug|Any CPU = Debug|Any CPU
		Release|Any CPU = Release|Any CPU
	EndGlobalSection
	GlobalSection(ProjectConfigurationPlatforms) = postSolution
		{680E9FA7-D586-4196-9368-197CAA8B7847}.Debug|Any CPU.ActiveCfg = Debug|Any CPU
		{680E9FA7-D586-4196-9368-197CAA8B7847}.Debug|Any CPU.Build.0 = Debug|Any CPU
		{680E9FA7-D586-4196-9368-197CAA8B7847}.Release|Any CPU.ActiveCfg = Release|Any CPU
		{680E9FA7-D586-4196-9368-197CAA8B7847}.Release|Any CPU.Build.0 = Release|Any CPU
		{79796B9F-49A8-47EA-A9F1-DCD5696330F4}.Debug|Any CPU.ActiveCfg = Debug|Any CPU
		{79796B9F-49A8-47EA-A9F1-DCD5696330F4}.Debug|Any CPU.Build.0 = Debug|Any CPU
		{79796B9F-49A8-47EA-A9F1-DCD5696330F4}.Release|Any CPU.ActiveCfg = Release|Any CPU
		{79796B9F-49A8-47EA-A9F1-DCD5696330F4}.Release|Any CPU.Build.0 = Release|Any CPU
		{B894691C-37C5-413C-9391-EE62AD3D14B9}.Debug|Any CPU.ActiveCfg = Debug|Any CPU
		{B894691C-37C5-413C-9391-EE62AD3D14B9}.Debug|Any CPU.Build.0 = Debug|Any CPU
		{B894691C-37C5-413C-9391-EE62AD3D14B9}.Release|Any CPU.ActiveCfg = Release|Any CPU
		{B894691C-37C5-413C-9391-EE62AD3D14B9}.Release|Any CPU.Build.0 = Release|Any CPU
		{D9052E95-EE5F-4971-B58C-0069D229C2BA}.Debug|Any CPU.ActiveCfg = Debug|Any CPU
		{D9052E95-EE5F-4971-B58C-0069D229C2BA}.Debug|Any CPU.Build.0 = Debug|Any CPU
		{D9052E95-EE5F-4971-B58C-0069D229C2BA}.Release|Any CPU.ActiveCfg = Release|Any CPU
		{D9052E95-EE5F-4971-B58C-0069D229C2BA}.Release|Any CPU.Build.0 = Release|Any CPU
		{32978A6B-5F38-4C2E-9734-88EABE832371}.Debug|Any CPU.ActiveCfg = Debug|Any CPU
		{32978A6B-5F38-4C2E-9734-88EABE832371}.Debug|Any CPU.Build.0 = Debug|Any CPU
		{32978A6B-5F38-4C2E-9734-88EABE832371}.Release|Any CPU.ActiveCfg = Release|Any CPU
		{32978A6B-5F38-4C2E-9734-88EABE832371}.Release|Any CPU.Build.0 = Release|Any CPU
		{7580E51F-8AEE-4E87-B3C7-B007CB782194}.Debug|Any CPU.ActiveCfg = Debug|Any CPU
		{7580E51F-8AEE-4E87-B3C7-B007CB782194}.Debug|Any CPU.Build.0 = Debug|Any CPU
		{7580E51F-8AEE-4E87-B3C7-B007CB782194}.Release|Any CPU.ActiveCfg = Release|Any CPU
		{7580E51F-8AEE-4E87-B3C7-B007CB782194}.Release|Any CPU.Build.0 = Release|Any CPU
		{D01F3B3B-0D7B-4D09-94DC-029DA97A4ADA}.Debug|Any CPU.ActiveCfg = Debug|Any CPU
		{D01F3B3B-0D7B-4D09-94DC-029DA97A4ADA}.Debug|Any CPU.Build.0 = Debug|Any CPU
		{D01F3B3B-0D7B-4D09-94DC-029DA97A4ADA}.Release|Any CPU.ActiveCfg = Release|Any CPU
		{D01F3B3B-0D7B-4D09-94DC-029DA97A4ADA}.Release|Any CPU.Build.0 = Release|Any CPU
		{12E5AF76-AC08-49C1-86A8-F8412382821D}.Debug|Any CPU.ActiveCfg = Debug|Any CPU
		{12E5AF76-AC08-49C1-86A8-F8412382821D}.Debug|Any CPU.Build.0 = Debug|Any CPU
		{12E5AF76-AC08-49C1-86A8-F8412382821D}.Release|Any CPU.ActiveCfg = Release|Any CPU
		{12E5AF76-AC08-49C1-86A8-F8412382821D}.Release|Any CPU.Build.0 = Release|Any CPU
		{64712DFA-7598-4F97-86AD-F708F73DD744}.Debug|Any CPU.ActiveCfg = Debug|Any CPU
		{64712DFA-7598-4F97-86AD-F708F73DD744}.Debug|Any CPU.Build.0 = Debug|Any CPU
		{64712DFA-7598-4F97-86AD-F708F73DD744}.Release|Any CPU.ActiveCfg = Release|Any CPU
		{64712DFA-7598-4F97-86AD-F708F73DD744}.Release|Any CPU.Build.0 = Release|Any CPU
	EndGlobalSection
	GlobalSection(SolutionProperties) = preSolution
		HideSolutionNode = FALSE
	EndGlobalSection
	GlobalSection(ExtensibilityGlobals) = postSolution
		SolutionGuid = {CE02D278-803C-4B08-9401-ACBCFE66DD34}
	EndGlobalSection
EndGlobal
