
Microsoft Visual Studio Solution File, Format Version 12.00
# Visual Studio Version 16
VisualStudioVersion = 16.0.31424.327
MinimumVisualStudioVersion = 10.0.40219.1
Project("{FAE04EC0-301F-11D3-BF4B-00C04F79EFBC}") = "WindowsFormsApp1", "WindowsFormsApp1.csproj", "{DC446A23-1C9E-4C5A-A16B-2BD5A9F481E9}"
EndProject
Global
	GlobalSection(SolutionConfigurationPlatforms) = preSolution
		Debug|Any CPU = Debug|Any CPU
		Release|Any CPU = Release|Any CPU
	EndGlobalSection
	GlobalSection(ProjectConfigurationPlatforms) = postSolution
		{DC446A23-1C9E-4C5A-A16B-2BD5A9F481E9}.Debug|Any CPU.ActiveCfg = Debug|Any CPU
		{DC446A23-1C9E-4C5A-A16B-2BD5A9F481E9}.Debug|Any CPU.Build.0 = Debug|Any CPU
		{DC446A23-1C9E-4C5A-A16B-2BD5A9F481E9}.Release|Any CPU.ActiveCfg = Release|Any CPU
		{DC446A23-1C9E-4C5A-A16B-2BD5A9F481E9}.Release|Any CPU.Build.0 = Release|Any CPU
	EndGlobalSection
	GlobalSection(SolutionProperties) = preSolution
		HideSolutionNode = FALSE
	EndGlobalSection
	GlobalSection(ExtensibilityGlobals) = postSolution
		SolutionGuid = {94C9554A-1F56-4234-83A2-592EABB61816}
	EndGlobalSection
EndGlobal
